
Microsoft Visual Studio Solution File, Format Version 12.00
# Visual Studio Version 16
VisualStudioVersion = 16.0.32126.315
MinimumVisualStudioVersion = 10.0.40219.1
Project("{FAE04EC0-301F-11D3-BF4B-00C04F79EFBC}") = "DemoAuthApi", "DemoAuthApi\DemoAuthApi.csproj", "{A2F48639-97C6-4BB2-AC12-EFB2E6FDFAE2}"
EndProject
Global
	GlobalSection(SolutionConfigurationPlatforms) = preSolution
		Debug|Any CPU = Debug|Any CPU
		Release|Any CPU = Release|Any CPU
	EndGlobalSection
	GlobalSection(ProjectConfigurationPlatforms) = postSolution
		{A2F48639-97C6-4BB2-AC12-EFB2E6FDFAE2}.Debug|Any CPU.ActiveCfg = Debug|Any CPU
		{A2F48639-97C6-4BB2-AC12-EFB2E6FDFAE2}.Debug|Any CPU.Build.0 = Debug|Any CPU
		{A2F48639-97C6-4BB2-AC12-EFB2E6FDFAE2}.Release|Any CPU.ActiveCfg = Release|Any CPU
		{A2F48639-97C6-4BB2-AC12-EFB2E6FDFAE2}.Release|Any CPU.Build.0 = Release|Any CPU
	EndGlobalSection
	GlobalSection(SolutionProperties) = preSolution
		HideSolutionNode = FALSE
	EndGlobalSection
	GlobalSection(ExtensibilityGlobals) = postSolution
		SolutionGuid = {B0020B1E-5459-4F92-AE4D-6C40E7452983}
	EndGlobalSection
EndGlobal
